
Microsoft Visual Studio Solution File, Format Version 12.00
# Visual Studio 15
VisualStudioVersion = 15.0.27428.2002
MinimumVisualStudioVersion = 10.0.40219.1
Project("{9A19103F-16F7-4668-BE54-9A1E7A4F7556}") = "TeachMe", "TeachMe\TeachMe.csproj", "{1F1E1F06-E689-445C-A904-7C4F26C9CF7B}"
EndProject
Project("{9A19103F-16F7-4668-BE54-9A1E7A4F7556}") = "ConsoleApp1", "ConsoleApp1\ConsoleApp1.csproj", "{3E051C5D-58DB-419F-A709-4CAC9B6983CE}"
EndProject
Project("{9A19103F-16F7-4668-BE54-9A1E7A4F7556}") = "WebApplication1", "WebApplication1\WebApplication1.csproj", "{07823C04-9684-446A-9C2E-8CC2997ACDC0}"
EndProject
Global
	GlobalSection(SolutionConfigurationPlatforms) = preSolution
		Debug|Any CPU = Debug|Any CPU
		Release|Any CPU = Release|Any CPU
	EndGlobalSection
	GlobalSection(ProjectConfigurationPlatforms) = postSolution
		{1F1E1F06-E689-445C-A904-7C4F26C9CF7B}.Debug|Any CPU.ActiveCfg = Debug|Any CPU
		{1F1E1F06-E689-445C-A904-7C4F26C9CF7B}.Debug|Any CPU.Build.0 = Debug|Any CPU
		{1F1E1F06-E689-445C-A904-7C4F26C9CF7B}.Release|Any CPU.ActiveCfg = Release|Any CPU
		{1F1E1F06-E689-445C-A904-7C4F26C9CF7B}.Release|Any CPU.Build.0 = Release|Any CPU
		{3E051C5D-58DB-419F-A709-4CAC9B6983CE}.Debug|Any CPU.ActiveCfg = Debug|Any CPU
		{3E051C5D-58DB-419F-A709-4CAC9B6983CE}.Debug|Any CPU.Build.0 = Debug|Any CPU
		{3E051C5D-58DB-419F-A709-4CAC9B6983CE}.Release|Any CPU.ActiveCfg = Release|Any CPU
		{3E051C5D-58DB-419F-A709-4CAC9B6983CE}.Release|Any CPU.Build.0 = Release|Any CPU
		{07823C04-9684-446A-9C2E-8CC2997ACDC0}.Debug|Any CPU.ActiveCfg = Debug|Any CPU
		{07823C04-9684-446A-9C2E-8CC2997ACDC0}.Debug|Any CPU.Build.0 = Debug|Any CPU
		{07823C04-9684-446A-9C2E-8CC2997ACDC0}.Release|Any CPU.ActiveCfg = Release|Any CPU
		{07823C04-9684-446A-9C2E-8CC2997ACDC0}.Release|Any CPU.Build.0 = Release|Any CPU
	EndGlobalSection
	GlobalSection(SolutionProperties) = preSolution
		HideSolutionNode = FALSE
	EndGlobalSection
	GlobalSection(ExtensibilityGlobals) = postSolution
		SolutionGuid = {E2B2A6CD-0A69-417E-970A-CB45196CDF77}
	EndGlobalSection
EndGlobal
